
Microsoft Visual Studio Solution File, Format Version 12.00
# Visual Studio Version 17
VisualStudioVersion = 17.14.36414.22 d17.14
MinimumVisualStudioVersion = 10.0.40219.1
Project("{FAE04EC0-301F-11D3-BF4B-00C04F79EFBC}") = "AgroScan", "AgroScan\AgroScan.csproj", "{1B668321-12B1-4FE2-B19C-F283F710AD2D}"
EndProject
Global
	GlobalSection(SolutionConfigurationPlatforms) = preSolution
		Debug|Any CPU = Debug|Any CPU
		Release|Any CPU = Release|Any CPU
	EndGlobalSection
	GlobalSection(ProjectConfigurationPlatforms) = postSolution
		{1B668321-12B1-4FE2-B19C-F283F710AD2D}.Debug|Any CPU.ActiveCfg = Debug|Any CPU
		{1B668321-12B1-4FE2-B19C-F283F710AD2D}.Debug|Any CPU.Build.0 = Debug|Any CPU
		{1B668321-12B1-4FE2-B19C-F283F710AD2D}.Release|Any CPU.ActiveCfg = Release|Any CPU
		{1B668321-12B1-4FE2-B19C-F283F710AD2D}.Release|Any CPU.Build.0 = Release|Any CPU
	EndGlobalSection
	GlobalSection(SolutionProperties) = preSolution
		HideSolutionNode = FALSE
	EndGlobalSection
	GlobalSection(ExtensibilityGlobals) = postSolution
		SolutionGuid = {9E772991-0D75-450F-BA80-950C0A4CC0AE}
	EndGlobalSection
EndGlobal
